
Microsoft Visual Studio Solution File, Format Version 12.00
# Visual Studio Version 16
VisualStudioVersion = 16.0.808.10
MinimumVisualStudioVersion = 10.0.40219.1
Project("{9A19103F-16F7-4668-BE54-9A1E7A4F7556}") = "ExamALSEA", "ExamALSEA\ExamALSEA.csproj", "{90F6380A-7D53-4ACA-A313-6C4D47E27351}"
EndProject
Project("{2150E333-8FDC-42A3-9474-1A3956D46DE8}") = "01 ALSEA.DataBase", "01 ALSEA.DataBase", "{1DCFA0C2-E5E4-40FC-878F-4C8818849B4D}"
EndProject
Project("{2150E333-8FDC-42A3-9474-1A3956D46DE8}") = "02 ALSEA.Models", "02 ALSEA.Models", "{C225DEB5-692C-4905-898F-9EE83E77538C}"
EndProject
Project("{9A19103F-16F7-4668-BE54-9A1E7A4F7556}") = "ALSEA.Models", "02 ALSEA.Models\ALSEA.Models\ALSEA.Models.csproj", "{996D9F54-B30C-48DE-9570-DD7342D2610D}"
EndProject
Project("{FAE04EC0-301F-11D3-BF4B-00C04F79EFBC}") = "ALSEA.DATA", "ALSEA.DATA\ALSEA.DATA.csproj", "{6E607F7C-41A2-4C92-9D33-741AD2509C6F}"
EndProject
Project("{2150E333-8FDC-42A3-9474-1A3956D46DE8}") = "03 ALSEA.ENTITIES", "03 ALSEA.ENTITIES", "{6822BEDE-B705-4030-AF7E-A71130700872}"
EndProject
Project("{FAE04EC0-301F-11D3-BF4B-00C04F79EFBC}") = "ALSEA.Entities", "ALSEA.Entities\ALSEA.Entities.csproj", "{2D011CD4-FD49-4F9E-BF63-37E2DEE345D2}"
EndProject
Project("{2150E333-8FDC-42A3-9474-1A3956D46DE8}") = "05 ALSEA.Shared", "05 ALSEA.Shared", "{564F2DB9-E452-445E-AAE6-4E68CE76EBE5}"
EndProject
Project("{FAE04EC0-301F-11D3-BF4B-00C04F79EFBC}") = "ALSEA.Shared", "ALSEA.Shared\ALSEA.Shared.csproj", "{0F73720C-8643-4B39-B7ED-2C3C075F0B5D}"
EndProject
Project("{2150E333-8FDC-42A3-9474-1A3956D46DE8}") = "04 ALSEA.Busissnes", "04 ALSEA.Busissnes", "{39C45C79-C994-4490-A646-09CA32EB4D39}"
EndProject
Project("{FAE04EC0-301F-11D3-BF4B-00C04F79EFBC}") = "ALSEA.Busissnes", "ALSEA.Busissnes\ALSEA.Busissnes.csproj", "{88C1ADF0-6F7E-4F57-B06D-FB56E02FF3B6}"
EndProject
Global
	GlobalSection(SolutionConfigurationPlatforms) = preSolution
		Debug|Any CPU = Debug|Any CPU
		Release|Any CPU = Release|Any CPU
	EndGlobalSection
	GlobalSection(ProjectConfigurationPlatforms) = postSolution
		{90F6380A-7D53-4ACA-A313-6C4D47E27351}.Debug|Any CPU.ActiveCfg = Debug|Any CPU
		{90F6380A-7D53-4ACA-A313-6C4D47E27351}.Debug|Any CPU.Build.0 = Debug|Any CPU
		{90F6380A-7D53-4ACA-A313-6C4D47E27351}.Release|Any CPU.ActiveCfg = Release|Any CPU
		{90F6380A-7D53-4ACA-A313-6C4D47E27351}.Release|Any CPU.Build.0 = Release|Any CPU
		{996D9F54-B30C-48DE-9570-DD7342D2610D}.Debug|Any CPU.ActiveCfg = Debug|Any CPU
		{996D9F54-B30C-48DE-9570-DD7342D2610D}.Debug|Any CPU.Build.0 = Debug|Any CPU
		{996D9F54-B30C-48DE-9570-DD7342D2610D}.Release|Any CPU.ActiveCfg = Release|Any CPU
		{996D9F54-B30C-48DE-9570-DD7342D2610D}.Release|Any CPU.Build.0 = Release|Any CPU
		{6E607F7C-41A2-4C92-9D33-741AD2509C6F}.Debug|Any CPU.ActiveCfg = Debug|Any CPU
		{6E607F7C-41A2-4C92-9D33-741AD2509C6F}.Debug|Any CPU.Build.0 = Debug|Any CPU
		{6E607F7C-41A2-4C92-9D33-741AD2509C6F}.Release|Any CPU.ActiveCfg = Release|Any CPU
		{6E607F7C-41A2-4C92-9D33-741AD2509C6F}.Release|Any CPU.Build.0 = Release|Any CPU
		{2D011CD4-FD49-4F9E-BF63-37E2DEE345D2}.Debug|Any CPU.ActiveCfg = Debug|Any CPU
		{2D011CD4-FD49-4F9E-BF63-37E2DEE345D2}.Debug|Any CPU.Build.0 = Debug|Any CPU
		{2D011CD4-FD49-4F9E-BF63-37E2DEE345D2}.Release|Any CPU.ActiveCfg = Release|Any CPU
		{2D011CD4-FD49-4F9E-BF63-37E2DEE345D2}.Release|Any CPU.Build.0 = Release|Any CPU
		{0F73720C-8643-4B39-B7ED-2C3C075F0B5D}.Debug|Any CPU.ActiveCfg = Debug|Any CPU
		{0F73720C-8643-4B39-B7ED-2C3C075F0B5D}.Debug|Any CPU.Build.0 = Debug|Any CPU
		{0F73720C-8643-4B39-B7ED-2C3C075F0B5D}.Release|Any CPU.ActiveCfg = Release|Any CPU
		{0F73720C-8643-4B39-B7ED-2C3C075F0B5D}.Release|Any CPU.Build.0 = Release|Any CPU
		{88C1ADF0-6F7E-4F57-B06D-FB56E02FF3B6}.Debug|Any CPU.ActiveCfg = Debug|Any CPU
		{88C1ADF0-6F7E-4F57-B06D-FB56E02FF3B6}.Debug|Any CPU.Build.0 = Debug|Any CPU
		{88C1ADF0-6F7E-4F57-B06D-FB56E02FF3B6}.Release|Any CPU.ActiveCfg = Release|Any CPU
		{88C1ADF0-6F7E-4F57-B06D-FB56E02FF3B6}.Release|Any CPU.Build.0 = Release|Any CPU
	EndGlobalSection
	GlobalSection(SolutionProperties) = preSolution
		HideSolutionNode = FALSE
	EndGlobalSection
	GlobalSection(NestedProjects) = preSolution
		{996D9F54-B30C-48DE-9570-DD7342D2610D} = {C225DEB5-692C-4905-898F-9EE83E77538C}
		{6E607F7C-41A2-4C92-9D33-741AD2509C6F} = {1DCFA0C2-E5E4-40FC-878F-4C8818849B4D}
		{2D011CD4-FD49-4F9E-BF63-37E2DEE345D2} = {6822BEDE-B705-4030-AF7E-A71130700872}
		{0F73720C-8643-4B39-B7ED-2C3C075F0B5D} = {564F2DB9-E452-445E-AAE6-4E68CE76EBE5}
		{88C1ADF0-6F7E-4F57-B06D-FB56E02FF3B6} = {39C45C79-C994-4490-A646-09CA32EB4D39}
	EndGlobalSection
	GlobalSection(ExtensibilityGlobals) = postSolution
		SolutionGuid = {71979938-576C-419A-A63A-9256DB72BDF3}
	EndGlobalSection
EndGlobal
